PODS:
  - FlutterMacOS (1.0.0)
  - quickjs_engine (0.1.0):
    - FlutterMacOS

DEPENDENCIES:
  - FlutterMacOS (from `Flutter/ephemeral`)
  - quickjs_engine (from `Flutter/ephemeral/.symlinks/plugins/quickjs_engine/macos`)

EXTERNAL SOURCES:
  FlutterMacOS:
    :path: Flutter/ephemeral
  quickjs_engine:
    :path: Flutter/ephemeral/.symlinks/plugins/quickjs_engine/macos

SPEC CHECKSUMS:
  FlutterMacOS: d0db08ddef1a9af05a5ec4b724367152bb0500b1
  quickjs_engine: f985c2ebce29b932af6f64239b329efeb91c1e6a

PODFILE CHECKSUM: 54d867c82ac51cbd61b565781b9fada492027009

COCOAPODS: 1.17.0
